
Microsoft Visual Studio Solution File, Format Version 12.00
# Visual Studio Version 17
VisualStudioVersion = 17.5.33414.496
MinimumVisualStudioVersion = 10.0.40219.1
Project("{FAE04EC0-301F-11D3-BF4B-00C04F79EFBC}") = "WindowsFormsApp1", "WindowsFormsApp1.csproj", "{4CBF2A18-9015-4E75-8E69-38CC7DE1107B}"
EndProject
Global
	GlobalSection(SolutionConfigurationPlatforms) = preSolution
		Debug|Any CPU = Debug|Any CPU
		Release|Any CPU = Release|Any CPU
	EndGlobalSection
	GlobalSection(ProjectConfigurationPlatforms) = postSolution
		{4CBF2A18-9015-4E75-8E69-38CC7DE1107B}.Debug|Any CPU.ActiveCfg = Debug|Any CPU
		{4CBF2A18-9015-4E75-8E69-38CC7DE1107B}.Debug|Any CPU.Build.0 = Debug|Any CPU
		{4CBF2A18-9015-4E75-8E69-38CC7DE1107B}.Release|Any CPU.ActiveCfg = Release|Any CPU
		{4CBF2A18-9015-4E75-8E69-38CC7DE1107B}.Release|Any CPU.Build.0 = Release|Any CPU
	EndGlobalSection
	GlobalSection(SolutionProperties) = preSolution
		HideSolutionNode = FALSE
	EndGlobalSection
	GlobalSection(ExtensibilityGlobals) = postSolution
		SolutionGuid = {EE33350D-C0CB-4B09-8CFA-73862F5D7388}
	EndGlobalSection
EndGlobal
